// !$*UTF8*$!
{
	archiveVersion = 1;
	classes = {
	};
	objectVersion = 46;
	objects = {

/* Begin PBXBuildFile section */
		82696D581CC6F8BB00DCEA82 /* SignUpStoryBoard.storyboard in Resources */ = {isa = PBXBuildFile; fileRef = 82696D571CC6F8BB00DCEA82 /* SignUpStoryBoard.storyboard */; };
		82696D5A1CC6F8DD00DCEA82 /* SignUpViewController.swift in Sources */ = {isa = PBXBuildFile; fileRef = 82696D591CC6F8DD00DCEA82 /* SignUpViewController.swift */; };
		828300AF1CD823A40030806E /* tableViewController.swift in Sources */ = {isa = PBXBuildFile; fileRef = 828300AE1CD823A40030806E /* tableViewController.swift */; };
		82B93D621CC0012D00C18CE9 /* AppDelegate.swift in Sources */ = {isa = PBXBuildFile; fileRef = 82B93D611CC0012D00C18CE9 /* AppDelegate.swift */; };
		82B93D641CC0012D00C18CE9 /* ViewController.swift in Sources */ = {isa = PBXBuildFile; fileRef = 82B93D631CC0012D00C18CE9 /* ViewController.swift */; };
		82B93D671CC0012D00C18CE9 /* Main.storyboard in Resources */ = {isa = PBXBuildFile; fileRef = 82B93D651CC0012D00C18CE9 /* Main.storyboard */; };
		82B93D691CC0012D00C18CE9 /* Assets.xcassets in Resources */ = {isa = PBXBuildFile; fileRef = 82B93D681CC0012D00C18CE9 /* Assets.xcassets */; };
		82B93D6C1CC0012D00C18CE9 /* LaunchScreen.storyboard in Resources */ = {isa = PBXBuildFile; fileRef = 82B93D6A1CC0012D00C18CE9 /* LaunchScreen.storyboard */; };
		82F0E6BF1CC08E7800D9130A /* myTextField.swift in Sources */ = {isa = PBXBuildFile; fileRef = 82F0E6BE1CC08E7800D9130A /* myTextField.swift */; };
		82F0E6C11CC09CA400D9130A /* LocalAuthentication.framework in Frameworks */ = {isa = PBXBuildFile; fileRef = 82F0E6C01CC09CA400D9130A /* LocalAuthentication.framework */; };
		82F99F8F1CC896370039A4FA /* TaskManager.swift in Sources */ = {isa = PBXBuildFile; fileRef = 82F99F8E1CC896370039A4FA /* TaskManager.swift */; };
		82F99F951CC8B0580039A4FA /* addingTasks.swift in Sources */ = {isa = PBXBuildFile; fileRef = 82F99F941CC8B0580039A4FA /* addingTasks.swift */; };
		82FCBE371CC3478C007935A4 /* myButton.swift in Sources */ = {isa = PBXBuildFile; fileRef = 82FCBE361CC3478C007935A4 /* myButton.swift */; };
/* End PBXBuildFile section */

/* Begin PBXFileReference section */
		82696D571CC6F8BB00DCEA82 /* SignUpStoryBoard.storyboard */ = {isa = PBXFileReference; fileEncoding = 4; lastKnownFileType = file.storyboard; name = SignUpStoryBoard.storyboard; path = ../SignUpStoryBoard.storyboard; sourceTree = "<group>"; };
		82696D591CC6F8DD00DCEA82 /* SignUpViewController.swift */ = {isa = PBXFileReference; fileEncoding = 4; lastKnownFileType = sourcecode.swift; name = SignUpViewController.swift; path = ../SignUpViewController.swift; sourceTree = "<group>"; };
		828300AE1CD823A40030806E /* tableViewController.swift */ = {isa = PBXFileReference; fileEncoding = 4; lastKnownFileType = sourcecode.swift; path = tableViewController.swift; sourceTree = "<group>"; };
		82B93D5E1CC0012D00C18CE9 /* twoFactorAuthentication.app */ = {isa = PBXFileReference; explicitFileType = wrapper.application; includeInIndex = 0; path = twoFactorAuthentication.app; sourceTree = BUILT_PRODUCTS_DIR; };
		82B93D611CC0012D00C18CE9 /* AppDelegate.swift */ = {isa = PBXFileReference; lastKnownFileType = sourcecode.swift; path = AppDelegate.swift; sourceTree = "<group>"; };
		82B93D631CC0012D00C18CE9 /* ViewController.swift */ = {isa = PBXFileReference; lastKnownFileType = sourcecode.swift; path = ViewController.swift; sourceTree = "<group>"; };
		82B93D661CC0012D00C18CE9 /* Base */ = {isa = PBXFileReference; lastKnownFileType = file.storyboard; name = Base; path = Base.lproj/Main.storyboard; sourceTree = "<group>"; };
		82B93D681CC0012D00C18CE9 /* Assets.xcassets */ = {isa = PBXFileReference; lastKnownFileType = folder.assetcatalog; path = Assets.xcassets; sourceTree = "<group>"; };
		82B93D6B1CC0012D00C18CE9 /* Base */ = {isa = PBXFileReference; lastKnownFileType = file.storyboard; name = Base; path = Base.lproj/LaunchScreen.storyboard; sourceTree = "<group>"; };
		82B93D6D1CC0012D00C18CE9 /* Info.plist */ = {isa = PBXFileReference; lastKnownFileType = text.plist.xml; path = Info.plist; sourceTree = "<group>"; };
		82F0E6BD1CC08C2300D9130A /* en */ = {isa = PBXFileReference; lastKnownFileType = text.plist.strings; name = en; path = en.lproj/Main.strings; sourceTree = "<group>"; };
		82F0E6BE1CC08E7800D9130A /* myTextField.swift */ = {isa = PBXFileReference; fileEncoding = 4; lastKnownFileType = sourcecode.swift; path = myTextField.swift; sourceTree = "<group>"; };
		82F0E6C01CC09CA400D9130A /* LocalAuthentication.framework */ = {isa = PBXFileReference; lastKnownFileType = wrapper.framework; name = LocalAuthentication.framework; path = System/Library/Frameworks/LocalAuthentication.framework; sourceTree = SDKROOT; };
		82F99F8E1CC896370039A4FA /* TaskManager.swift */ = {isa = PBXFileReference; fileEncoding = 4; lastKnownFileType = sourcecode.swift; path = TaskManager.swift; sourceTree = "<group>"; };
		82F99F941CC8B0580039A4FA /* addingTasks.swift */ = {isa = PBXFileReference; fileEncoding = 4; lastKnownFileType = sourcecode.swift; path = addingTasks.swift; sourceTree = "<group>"; };
		82FCBE361CC3478C007935A4 /* myButton.swift */ = {isa = PBXFileReference; fileEncoding = 4; lastKnownFileType = sourcecode.swift; path = myButton.swift; sourceTree = "<group>"; };
/* End PBXFileReference section */

/* Begin PBXFrameworksBuildPhase section */
		82B93D5B1CC0012D00C18CE9 /* Frameworks */ = {
			isa = PBXFrameworksBuildPhase;
			buildActionMask = 2147483647;
			files = (
				82F0E6C11CC09CA400D9130A /* LocalAuthentication.framework in Frameworks */,
			);
			runOnlyForDeploymentPostprocessing = 0;
		};
/* End PBXFrameworksBuildPhase section */

/* Begin PBXGroup section */
		82B93D551CC0012D00C18CE9 = {
			isa = PBXGroup;
			children = (
				828300AE1CD823A40030806E /* tableViewController.swift */,
				82F99F941CC8B0580039A4FA /* addingTasks.swift */,
				82F99F8E1CC896370039A4FA /* TaskManager.swift */,
				82FCBE391CC34BD2007935A4 /* Custom Classes */,
				82FCBE381CC34BC0007935A4 /* Frameworks */,
				82B93D601CC0012D00C18CE9 /* twoFactorAuthentication */,
				82B93D5F1CC0012D00C18CE9 /* Products */,
			);
			sourceTree = "<group>";
		};
		82B93D5F1CC0012D00C18CE9 /* Products */ = {
			isa = PBXGroup;
			children = (
				82B93D5E1CC0012D00C18CE9 /* twoFactorAuthentication.app */,
			);
			name = Products;
			sourceTree = "<group>";
		};
		82B93D601CC0012D00C18CE9 /* twoFactorAuthentication */ = {
			isa = PBXGroup;
			children = (
				82696D591CC6F8DD00DCEA82 /* SignUpViewController.swift */,
				82696D571CC6F8BB00DCEA82 /* SignUpStoryBoard.storyboard */,
				82B93D611CC0012D00C18CE9 /* AppDelegate.swift */,
				82B93D631CC0012D00C18CE9 /* ViewController.swift */,
				82B93D651CC0012D00C18CE9 /* Main.storyboard */,
				82B93D681CC0012D00C18CE9 /* Assets.xcassets */,
				82B93D6A1CC0012D00C18CE9 /* LaunchScreen.storyboard */,
				82B93D6D1CC0012D00C18CE9 /* Info.plist */,
			);
			path = twoFactorAuthentication;
			sourceTree = "<group>";
		};
		82FCBE381CC34BC0007935A4 /* Frameworks */ = {
			isa = PBXGroup;
			children = (
				82F0E6C01CC09CA400D9130A /* LocalAuthentication.framework */,
			);
			name = Frameworks;
			sourceTree = "<group>";
		};
		82FCBE391CC34BD2007935A4 /* Custom Classes */ = {
			isa = PBXGroup;
			children = (
				82F0E6BE1CC08E7800D9130A /* myTextField.swift */,
				82FCBE361CC3478C007935A4 /* myButton.swift */,
			);
			name = "Custom Classes";
			sourceTree = "<group>";
		};
/* End PBXGroup section */

/* Begin PBXNativeTarget section */
		82B93D5D1CC0012D00C18CE9 /* twoFactorAuthentication */ = {
			isa = PBXNativeTarget;
			buildConfigurationList = 82B93D701CC0012D00C18CE9 /* Build configuration list for PBXNativeTarget "twoFactorAuthentication" */;
			buildPhases = (
				82B93D5A1CC0012D00C18CE9 /* Sources */,
				82B93D5B1CC0012D00C18CE9 /* Frameworks */,
				82B93D5C1CC0012D00C18CE9 /* Resources */,
			);
			buildRules = (
			);
			dependencies = (
			);
			name = twoFactorAuthentication;
			productName = twoFactorAuthentication;
			productReference = 82B93D5E1CC0012D00C18CE9 /* twoFactorAuthentication.app */;
			productType = "com.apple.product-type.application";
		};
/* End PBXNativeTarget section */

/* Begin PBXProject section */
		82B93D561CC0012D00C18CE9 /* Project object */ = {
			isa = PBXProject;
			attributes = {
				LastSwiftUpdateCheck = 0720;
				LastUpgradeCheck = 0720;
				ORGANIZATIONNAME = jose;
				TargetAttributes = {
					82B93D5D1CC0012D00C18CE9 = {
						CreatedOnToolsVersion = 7.2.1;
						DevelopmentTeam = V9599EC896;
					};
				};
			};
			buildConfigurationList = 82B93D591CC0012D00C18CE9 /* Build configuration list for PBXProject "twoFactorAuthentication" */;
			compatibilityVersion = "Xcode 3.2";
			developmentRegion = English;
			hasScannedForEncodings = 0;
			knownRegions = (
				en,
				Base,
			);
			mainGroup = 82B93D551CC0012D00C18CE9;
			productRefGroup = 82B93D5F1CC0012D00C18CE9 /* Products */;
			projectDirPath = "";
			projectRoot = "";
			targets = (
				82B93D5D1CC0012D00C18CE9 /* twoFactorAuthentication */,
			);
		};
/* End PBXProject section */

/* Begin PBXResourcesBuildPhase section */
		82B93D5C1CC0012D00C18CE9 /* Resources */ = {
			isa = PBXResourcesBuildPhase;
			buildActionMask = 2147483647;
			files = (
				82B93D6C1CC0012D00C18CE9 /* LaunchScreen.storyboard in Resources */,
				82696D581CC6F8BB00DCEA82 /* SignUpStoryBoard.storyboard in Resources */,
				82B93D691CC0012D00C18CE9 /* Assets.xcassets in Resources */,
				82B93D671CC0012D00C18CE9 /* Main.storyboard in Resources */,
			);
			runOnlyForDeploymentPostprocessing = 0;
		};
/* End PBXResourcesBuildPhase section */

/* Begin PBXSourcesBuildPhase section */
		82B93D5A1CC0012D00C18CE9 /* Sources */ = {
			isa = PBXSourcesBuildPhase;
			buildActionMask = 2147483647;
			files = (
				82F99F8F1CC896370039A4FA /* TaskManager.swift in Sources */,
				82F99F951CC8B0580039A4FA /* addingTasks.swift in Sources */,
				82B93D641CC0012D00C18CE9 /* ViewController.swift in Sources */,
				828300AF1CD823A40030806E /* tableViewController.swift in Sources */,
				82F0E6BF1CC08E7800D9130A /* myTextField.swift in Sources */,
				82B93D621CC0012D00C18CE9 /* AppDelegate.swift in Sources */,
				82FCBE371CC3478C007935A4 /* myButton.swift in Sources */,
				82696D5A1CC6F8DD00DCEA82 /* SignUpViewController.swift in Sources */,
			);
			runOnlyForDeploymentPostprocessing = 0;
		};
/* End PBXSourcesBuildPhase section */

/* Begin PBXVariantGroup section */
		82B93D651CC0012D00C18CE9 /* Main.storyboard */ = {
			isa = PBXVariantGroup;
			children = (
				82B93D661CC0012D00C18CE9 /* Base */,
				82F0E6BD1CC08C2300D9130A /* en */,
			);
			name = Main.storyboard;
			sourceTree = "<group>";
		};
		82B93D6A1CC0012D00C18CE9 /* LaunchScreen.storyboard */ = {
			isa = PBXVariantGroup;
			children = (
				82B93D6B1CC0012D00C18CE9 /* Base */,
			);
			name = LaunchScreen.storyboard;
			sourceTree = "<group>";
		};
/* End PBXVariantGroup section */

/* Begin XCBuildConfiguration section */
		82B93D6E1CC0012D00C18CE9 /* Debug */ = {
			isa = XCBuildConfiguration;
			buildSettings = {
				ALWAYS_SEARCH_USER_PATHS = NO;
				CLANG_CXX_LANGUAGE_STANDARD = "gnu++0x";
				CLANG_CXX_LIBRARY = "libc++";
				CLANG_ENABLE_MODULES = YES;
				CLANG_ENABLE_OBJC_ARC = YES;
				CLANG_WARN_BOOL_CONVERSION = YES;
				CLANG_WARN_CONSTANT_CONVERSION = YES;
				CLANG_WARN_DIRECT_OBJC_ISA_USAGE = YES_ERROR;
				CLANG_WARN_EMPTY_BODY = YES;
				CLANG_WARN_ENUM_CONVERSION = YES;
				CLANG_WARN_INT_CONVERSION = YES;
				CLANG_WARN_OBJC_ROOT_CLASS = YES_ERROR;
				CLANG_WARN_UNREACHABLE_CODE = YES;
				CLANG_WARN__DUPLICATE_METHOD_MATCH = YES;
				"CODE_SIGN_IDENTITY[sdk=iphoneos*]" = "iPhone Developer";
				COPY_PHASE_STRIP = NO;
				DEBUG_INFORMATION_FORMAT = dwarf;
				ENABLE_STRICT_OBJC_MSGSEND = YES;
				ENABLE_TESTABILITY = YES;
				GCC_C_LANGUAGE_STANDARD = gnu99;
				GCC_DYNAMIC_NO_PIC = NO;
				GCC_NO_COMMON_BLOCKS = YES;
				GCC_OPTIMIZATION_LEVEL = 0;
				GCC_PREPROCESSOR_DEFINITIONS = (
					"DEBUG=1",
					"$(inherited)",
				);
				GCC_WARN_64_TO_32_BIT_CONVERSION = YES;
				GCC_WARN_ABOUT_RETURN_TYPE = YES_ERROR;
				GCC_WARN_UNDECLARED_SELECTOR = YES;
				GCC_WARN_UNINITIALIZED_AUTOS = YES_AGGRESSIVE;
				GCC_WARN_UNUSED_FUNCTION = YES;
				GCC_WARN_UNUSED_VARIABLE = YES;
				IPHONEOS_DEPLOYMENT_TARGET = 9.2;
				MTL_ENABLE_DEBUG_INFO = YES;
				ONLY_ACTIVE_ARCH = YES;
				SDKROOT = iphoneos;
				SWIFT_OPTIMIZATION_LEVEL = "-Onone";
				TARGETED_DEVICE_FAMILY = "1,2";
			};
			name = Debug;
		};
		82B93D6F1CC0012D00C18CE9 /* Release */ = {
			isa = XCBuildConfiguration;
			buildSettings = {
				ALWAYS_SEARCH_USER_PATHS = NO;
				CLANG_CXX_LANGUAGE_STANDARD = "gnu++0x";
				CLANG_CXX_LIBRARY = "libc++";
				CLANG_ENABLE_MODULES = YES;
				CLANG_ENABLE_OBJC_ARC = YES;
				CLANG_WARN_BOOL_CONVERSION = YES;
				CLANG_WARN_CONSTANT_CONVERSION = YES;
				CLANG_WARN_DIRECT_OBJC_ISA_USAGE = YES_ERROR;
				CLANG_WARN_EMPTY_BODY = YES;
				CLANG_WARN_ENUM_CONVERSION = YES;
				CLANG_WARN_INT_CONVERSION = YES;
				CLANG_WARN_OBJC_ROOT_CLASS = YES_ERROR;
				CLANG_WARN_UNREACHABLE_CODE = YES;
				CLANG_WARN__DUPLICATE_METHOD_MATCH = YES;
				"CODE_SIGN_IDENTITY[sdk=iphoneos*]" = "iPhone Developer";
				COPY_PHASE_STRIP = NO;
				DEBUG_INFORMATION_FORMAT = "dwarf-with-dsym";
				ENABLE_NS_ASSERTIONS = NO;
				ENABLE_STRICT_OBJC_MSGSEND = YES;
				GCC_C_LANGUAGE_STANDARD = gnu99;
				GCC_NO_COMMON_BLOCKS = YES;
				GCC_WARN_64_TO_32_BIT_CONVERSION = YES;
				GCC_WARN_ABOUT_RETURN_TYPE = YES_ERROR;
				GCC_WARN_UNDECLARED_SELECTOR = YES;
				GCC_WARN_UNINITIALIZED_AUTOS = YES_AGGRESSIVE;
				GCC_WARN_UNUSED_FUNCTION = YES;
				GCC_WARN_UNUSED_VARIABLE = YES;
				IPHONEOS_DEPLOYMENT_TARGET = 9.2;
				MTL_ENABLE_DEBUG_INFO = NO;
				SDKROOT = iphoneos;
				TARGETED_DEVICE_FAMILY = "1,2";
				VALIDATE_PRODUCT = YES;
			};
			name = Release;
		};
		82B93D711CC0012D00C18CE9 /* Debug */ = {
			isa = XCBuildConfiguration;
			buildSettings = {
				ASSETCATALOG_COMPILER_APPICON_NAME = AppIcon;
				CODE_SIGN_IDENTITY = "iPhone Developer";
				"CODE_SIGN_IDENTITY[sdk=iphoneos*]" = "iPhone Developer";
				INFOPLIST_FILE = twoFactorAuthentication/Info.plist;
				LD_RUNPATH_SEARCH_PATHS = "$(inherited) @executable_path/Frameworks";
				PRODUCT_BUNDLE_IDENTIFIER = jose.twoFactorAuthentication;
				PRODUCT_NAME = "$(TARGET_NAME)";
				PROVISIONING_PROFILE = "";
			};
			name = Debug;
		};
		82B93D721CC0012D00C18CE9 /* Release */ = {
			isa = XCBuildConfiguration;
			buildSettings = {
				ASSETCATALOG_COMPILER_APPICON_NAME = AppIcon;
				CODE_SIGN_IDENTITY = "iPhone Developer";
				"CODE_SIGN_IDENTITY[sdk=iphoneos*]" = "iPhone Developer";
				INFOPLIST_FILE = twoFactorAuthentication/Info.plist;
				LD_RUNPATH_SEARCH_PATHS = "$(inherited) @executable_path/Frameworks";
				PRODUCT_BUNDLE_IDENTIFIER = jose.twoFactorAuthentication;
				PRODUCT_NAME = "$(TARGET_NAME)";
				PROVISIONING_PROFILE = "";
			};
			name = Release;
		};
/* End XCBuildConfiguration section */

/* Begin XCConfigurationList section */
		82B93D591CC0012D00C18CE9 /* Build configuration list for PBXProject "twoFactorAuthentication" */ = {
			isa = XCConfigurationList;
			buildConfigurations = (
				82B93D6E1CC0012D00C18CE9 /* Debug */,
				82B93D6F1CC0012D00C18CE9 /* Release */,
			);
			defaultConfigurationIsVisible = 0;
			defaultConfigurationName = Release;
		};
		82B93D701CC0012D00C18CE9 /* Build configuration list for PBXNativeTarget "twoFactorAuthentication" */ = {
			isa = XCConfigurationList;
			buildConfigurations = (
				82B93D711CC0012D00C18CE9 /* Debug */,
				82B93D721CC0012D00C18CE9 /* Release */,
			);
			defaultConfigurationIsVisible = 0;
			defaultConfigurationName = Release;
		};
/* End XCConfigurationList section */
	};
	rootObject = 82B93D561CC0012D00C18CE9 /* Project object */;
}
